<?xml version="1.0" encoding="utf-8"?>
<Project ToolsVersion="4.0" xmlns="http://schemas.microsoft.com/developer/msbuild/2003">
  <ItemGroup>
    <Filter Include="Source Files">
      <UniqueIdentifier>{4FC737F1-C7A5-4376-A066-2A32D752A2FF}</UniqueIdentifier>
      <Extensions>cpp;c;cc;cxx;c++;cppm;ixx;def;odl;idl;hpj;bat;asm;asmx</Extensions>
    </Filter>
    <Filter Include="Header Files">
      <UniqueIdentifier>{93995380-89BD-4b04-88EB-625FBE52EBFB}</UniqueIdentifier>
      <Extensions>h;hh;hpp;hxx;h++;hm;inl;inc;ipp;xsd</Extensions>
    </Filter>
    <Filter Include="Resource Files">
      <UniqueIdentifier>{67DA6AB6-F800-4c08-8B7A-83BB121AAD01}</UniqueIdentifier>
      <Extensions>rc;ico;cur;bmp;dlg;rc2;rct;bin;rgs;gif;jpg;jpeg;jpe;resx;tiff;tif;png;wav;mfcribbon-ms</Extensions>
    </Filter>
  </ItemGroup>
  <ItemGroup>
    <ClInclude Include="src\unicpp.h">
      <Filter>Header Files</Filter>
    </ClInclude>
    <ClInclude Include="src\import\winapi\function.h">
      <Filter>Header Files</Filter>
    </ClInclude>
    <ClInclude Include="src\import\winapi\value.h">
      <Filter>Header Files</Filter>
    </ClInclude>
    <ClInclude Include="src\import\winapi\type.h">
      <Filter>Header Files</Filter>
    </ClInclude>
    <ClInclude Include="src\import\stdc\function.h">
      <Filter>Header Files</Filter>
    </ClInclude>
    <ClInclude Include="src\import\stdc\type.h">
      <Filter>Header Files</Filter>
    </ClInclude>
    <ClInclude Include="src\import\stdc\value.h">
      <Filter>Header Files</Filter>
    </ClInclude>
    <ClInclude Include="src\import\winapi\util.h">
      <Filter>Header Files</Filter>
    </ClInclude>
    <ClInclude Include="src\import\winapi\unint.h">
      <Filter>Header Files</Filter>
    </ClInclude>
    <ClInclude Include="src\import\winapi\unintimpl.h">
      <Filter>Header Files</Filter>
    </ClInclude>
    <ClInclude Include="src\aes.hpp">
      <Filter>Header Files</Filter>
    </ClInclude>
    <ClInclude Include="src\aes.ipp">
      <Filter>Header Files</Filter>
    </ClInclude>
    <ClInclude Include="src\arg.hpp">
      <Filter>Header Files</Filter>
    </ClInclude>
    <ClInclude Include="src\arg.ipp">
      <Filter>Header Files</Filter>
    </ClInclude>
    <ClInclude Include="src\array.hpp">
      <Filter>Header Files</Filter>
    </ClInclude>
    <ClInclude Include="src\array.ipp">
      <Filter>Header Files</Filter>
    </ClInclude>
    <ClInclude Include="src\atomic.hpp">
      <Filter>Header Files</Filter>
    </ClInclude>
    <ClInclude Include="src\atomic.ipp">
      <Filter>Header Files</Filter>
    </ClInclude>
    <ClInclude Include="src\bada.hpp">
      <Filter>Header Files</Filter>
    </ClInclude>
    <ClInclude Include="src\bada.ipp">
      <Filter>Header Files</Filter>
    </ClInclude>
    <ClInclude Include="src\bigmath.hpp">
      <Filter>Header Files</Filter>
    </ClInclude>
    <ClInclude Include="src\bigmath.ipp">
      <Filter>Header Files</Filter>
    </ClInclude>
    <ClInclude Include="src\c25519.hpp">
      <Filter>Header Files</Filter>
    </ClInclude>
    <ClInclude Include="src\c25519.ipp">
      <Filter>Header Files</Filter>
    </ClInclude>
    <ClInclude Include="src\char.hpp">
      <Filter>Header Files</Filter>
    </ClInclude>
    <ClInclude Include="src\char.ipp">
      <Filter>Header Files</Filter>
    </ClInclude>
    <ClInclude Include="src\clipboard.hpp">
      <Filter>Header Files</Filter>
    </ClInclude>
    <ClInclude Include="src\clipboard.ipp">
      <Filter>Header Files</Filter>
    </ClInclude>
    <ClInclude Include="src\codegen.hpp">
      <Filter>Header Files</Filter>
    </ClInclude>
    <ClInclude Include="src\codegen.ipp">
      <Filter>Header Files</Filter>
    </ClInclude>
    <ClInclude Include="src\color.hpp">
      <Filter>Header Files</Filter>
    </ClInclude>
    <ClInclude Include="src\color.ipp">
      <Filter>Header Files</Filter>
    </ClInclude>
    <ClInclude Include="src\console.hpp">
      <Filter>Header Files</Filter>
    </ClInclude>
    <ClInclude Include="src\console.ipp">
      <Filter>Header Files</Filter>
    </ClInclude>
    <ClInclude Include="src\container.hpp">
      <Filter>Header Files</Filter>
    </ClInclude>
    <ClInclude Include="src\container.ipp">
      <Filter>Header Files</Filter>
    </ClInclude>
    <ClInclude Include="src\debug.hpp">
      <Filter>Header Files</Filter>
    </ClInclude>
    <ClInclude Include="src\debug.ipp">
      <Filter>Header Files</Filter>
    </ClInclude>
    <ClInclude Include="src\dictionary.hpp">
      <Filter>Header Files</Filter>
    </ClInclude>
    <ClInclude Include="src\dictionary.ipp">
      <Filter>Header Files</Filter>
    </ClInclude>
    <ClInclude Include="src\directory.hpp">
      <Filter>Header Files</Filter>
    </ClInclude>
    <ClInclude Include="src\directory.ipp">
      <Filter>Header Files</Filter>
    </ClInclude>
    <ClInclude Include="src\dumb.hpp">
      <Filter>Header Files</Filter>
    </ClInclude>
    <ClInclude Include="src\dumb.ipp">
      <Filter>Header Files</Filter>
    </ClInclude>
    <ClInclude Include="src\error.hpp">
      <Filter>Header Files</Filter>
    </ClInclude>
    <ClInclude Include="src\error.ipp">
      <Filter>Header Files</Filter>
    </ClInclude>
    <ClInclude Include="src\event.hpp">
      <Filter>Header Files</Filter>
    </ClInclude>
    <ClInclude Include="src\event.ipp">
      <Filter>Header Files</Filter>
    </ClInclude>
    <ClInclude Include="src\file.hpp">
      <Filter>Header Files</Filter>
    </ClInclude>
    <ClInclude Include="src\file.ipp">
      <Filter>Header Files</Filter>
    </ClInclude>
    <ClInclude Include="src\fp25519.hpp">
      <Filter>Header Files</Filter>
    </ClInclude>
    <ClInclude Include="src\fp25519.ipp">
      <Filter>Header Files</Filter>
    </ClInclude>
    <ClInclude Include="src\graphics.hpp">
      <Filter>Header Files</Filter>
    </ClInclude>
    <ClInclude Include="src\graphics.ipp">
      <Filter>Header Files</Filter>
    </ClInclude>
    <ClInclude Include="src\hash.hpp">
      <Filter>Header Files</Filter>
    </ClInclude>
    <ClInclude Include="src\hash.ipp">
      <Filter>Header Files</Filter>
    </ClInclude>
    <ClInclude Include="src\hunic.hpp">
      <Filter>Header Files</Filter>
    </ClInclude>
    <ClInclude Include="src\hunic.ipp">
      <Filter>Header Files</Filter>
    </ClInclude>
    <ClInclude Include="src\input.hpp">
      <Filter>Header Files</Filter>
    </ClInclude>
    <ClInclude Include="src\input.ipp">
      <Filter>Header Files</Filter>
    </ClInclude>
    <ClInclude Include="src\joystick.hpp">
      <Filter>Header Files</Filter>
    </ClInclude>
    <ClInclude Include="src\joystick.ipp">
      <Filter>Header Files</Filter>
    </ClInclude>
    <ClInclude Include="src\keyboard.hpp">
      <Filter>Header Files</Filter>
    </ClInclude>
    <ClInclude Include="src\keyboard.ipp">
      <Filter>Header Files</Filter>
    </ClInclude>
    <ClInclude Include="src\keyword.hpp">
      <Filter>Header Files</Filter>
    </ClInclude>
    <ClInclude Include="src\keyword.ipp">
      <Filter>Header Files</Filter>
    </ClInclude>
    <ClInclude Include="src\list.hpp">
      <Filter>Header Files</Filter>
    </ClInclude>
    <ClInclude Include="src\list.ipp">
      <Filter>Header Files</Filter>
    </ClInclude>
    <ClInclude Include="src\lock.hpp">
      <Filter>Header Files</Filter>
    </ClInclude>
    <ClInclude Include="src\lock.ipp">
      <Filter>Header Files</Filter>
    </ClInclude>
    <ClInclude Include="src\log.hpp">
      <Filter>Header Files</Filter>
    </ClInclude>
    <ClInclude Include="src\log.ipp">
      <Filter>Header Files</Filter>
    </ClInclude>
    <ClInclude Include="src\main.hpp">
      <Filter>Header Files</Filter>
    </ClInclude>
    <ClInclude Include="src\main.ipp">
      <Filter>Header Files</Filter>
    </ClInclude>
    <ClInclude Include="src\math.hpp">
      <Filter>Header Files</Filter>
    </ClInclude>
    <ClInclude Include="src\math.ipp">
      <Filter>Header Files</Filter>
    </ClInclude>
    <ClInclude Include="src\matrix.hpp">
      <Filter>Header Files</Filter>
    </ClInclude>
    <ClInclude Include="src\matrix.ipp">
      <Filter>Header Files</Filter>
    </ClInclude>
    <ClInclude Include="src\md5.hpp">
      <Filter>Header Files</Filter>
    </ClInclude>
    <ClInclude Include="src\md5.ipp">
      <Filter>Header Files</Filter>
    </ClInclude>
    <ClInclude Include="src\memory.hpp">
      <Filter>Header Files</Filter>
    </ClInclude>
    <ClInclude Include="src\memory.ipp">
      <Filter>Header Files</Filter>
    </ClInclude>
    <ClInclude Include="src\mouse.hpp">
      <Filter>Header Files</Filter>
    </ClInclude>
    <ClInclude Include="src\mouse.ipp">
      <Filter>Header Files</Filter>
    </ClInclude>
    <ClInclude Include="src\network.hpp">
      <Filter>Header Files</Filter>
    </ClInclude>
    <ClInclude Include="src\network.ipp">
      <Filter>Header Files</Filter>
    </ClInclude>
    <ClInclude Include="src\opengl.hpp">
      <Filter>Header Files</Filter>
    </ClInclude>
    <ClInclude Include="src\opengl.ipp">
      <Filter>Header Files</Filter>
    </ClInclude>
    <ClInclude Include="src\path.hpp">
      <Filter>Header Files</Filter>
    </ClInclude>
    <ClInclude Include="src\path.ipp">
      <Filter>Header Files</Filter>
    </ClInclude>
    <ClInclude Include="src\pipe.hpp">
      <Filter>Header Files</Filter>
    </ClInclude>
    <ClInclude Include="src\pipe.ipp">
      <Filter>Header Files</Filter>
    </ClInclude>
    <ClInclude Include="src\pixelpath.hpp">
      <Filter>Header Files</Filter>
    </ClInclude>
    <ClInclude Include="src\pixelpath.ipp">
      <Filter>Header Files</Filter>
    </ClInclude>
    <ClInclude Include="src\pointer.hpp">
      <Filter>Header Files</Filter>
    </ClInclude>
    <ClInclude Include="src\pointer.ipp">
      <Filter>Header Files</Filter>
    </ClInclude>
    <ClInclude Include="src\preprocess.hpp">
      <Filter>Header Files</Filter>
    </ClInclude>
    <ClInclude Include="src\preprocess.ipp">
      <Filter>Header Files</Filter>
    </ClInclude>
    <ClInclude Include="src\process.hpp">
      <Filter>Header Files</Filter>
    </ClInclude>
    <ClInclude Include="src\process.ipp">
      <Filter>Header Files</Filter>
    </ClInclude>
    <ClInclude Include="src\protobuf.hpp">
      <Filter>Header Files</Filter>
    </ClInclude>
    <ClInclude Include="src\protobuf.ipp">
      <Filter>Header Files</Filter>
    </ClInclude>
    <ClInclude Include="src\python.hpp">
      <Filter>Header Files</Filter>
    </ClInclude>
    <ClInclude Include="src\python.ipp">
      <Filter>Header Files</Filter>
    </ClInclude>
    <ClInclude Include="src\qoi.hpp">
      <Filter>Header Files</Filter>
    </ClInclude>
    <ClInclude Include="src\qoi.ipp">
      <Filter>Header Files</Filter>
    </ClInclude>
    <ClInclude Include="src\queue.hpp">
      <Filter>Header Files</Filter>
    </ClInclude>
    <ClInclude Include="src\queue.ipp">
      <Filter>Header Files</Filter>
    </ClInclude>
    <ClInclude Include="src\random.hpp">
      <Filter>Header Files</Filter>
    </ClInclude>
    <ClInclude Include="src\random.ipp">
      <Filter>Header Files</Filter>
    </ClInclude>
    <ClInclude Include="src\registry.hpp">
      <Filter>Header Files</Filter>
    </ClInclude>
    <ClInclude Include="src\registry.ipp">
      <Filter>Header Files</Filter>
    </ClInclude>
    <ClInclude Include="src\sandbox.hpp">
      <Filter>Header Files</Filter>
    </ClInclude>
    <ClInclude Include="src\sandbox.ipp">
      <Filter>Header Files</Filter>
    </ClInclude>
    <ClInclude Include="src\screen.hpp">
      <Filter>Header Files</Filter>
    </ClInclude>
    <ClInclude Include="src\screen.ipp">
      <Filter>Header Files</Filter>
    </ClInclude>
    <ClInclude Include="src\serial.hpp">
      <Filter>Header Files</Filter>
    </ClInclude>
    <ClInclude Include="src\serial.ipp">
      <Filter>Header Files</Filter>
    </ClInclude>
    <ClInclude Include="src\sha.hpp">
      <Filter>Header Files</Filter>
    </ClInclude>
    <ClInclude Include="src\sha.ipp">
      <Filter>Header Files</Filter>
    </ClInclude>
    <ClInclude Include="src\sort.hpp">
      <Filter>Header Files</Filter>
    </ClInclude>
    <ClInclude Include="src\sort.ipp">
      <Filter>Header Files</Filter>
    </ClInclude>
    <ClInclude Include="src\sound.hpp">
      <Filter>Header Files</Filter>
    </ClInclude>
    <ClInclude Include="src\sound.ipp">
      <Filter>Header Files</Filter>
    </ClInclude>
    <ClInclude Include="src\stack.hpp">
      <Filter>Header Files</Filter>
    </ClInclude>
    <ClInclude Include="src\stack.ipp">
      <Filter>Header Files</Filter>
    </ClInclude>
    <ClInclude Include="src\string.hpp">
      <Filter>Header Files</Filter>
    </ClInclude>
    <ClInclude Include="src\string.ipp">
      <Filter>Header Files</Filter>
    </ClInclude>
    <ClInclude Include="src\system.hpp">
      <Filter>Header Files</Filter>
    </ClInclude>
    <ClInclude Include="src\system.ipp">
      <Filter>Header Files</Filter>
    </ClInclude>
    <ClInclude Include="src\test.hpp">
      <Filter>Header Files</Filter>
    </ClInclude>
    <ClInclude Include="src\test.ipp">
      <Filter>Header Files</Filter>
    </ClInclude>
    <ClInclude Include="src\thread.hpp">
      <Filter>Header Files</Filter>
    </ClInclude>
    <ClInclude Include="src\thread.ipp">
      <Filter>Header Files</Filter>
    </ClInclude>
    <ClInclude Include="src\time.hpp">
      <Filter>Header Files</Filter>
    </ClInclude>
    <ClInclude Include="src\time.ipp">
      <Filter>Header Files</Filter>
    </ClInclude>
    <ClInclude Include="src\token.hpp">
      <Filter>Header Files</Filter>
    </ClInclude>
    <ClInclude Include="src\token.ipp">
      <Filter>Header Files</Filter>
    </ClInclude>
    <ClInclude Include="src\tuple.hpp">
      <Filter>Header Files</Filter>
    </ClInclude>
    <ClInclude Include="src\tuple.ipp">
      <Filter>Header Files</Filter>
    </ClInclude>
    <ClInclude Include="src\type.hpp">
      <Filter>Header Files</Filter>
    </ClInclude>
    <ClInclude Include="src\type.ipp">
      <Filter>Header Files</Filter>
    </ClInclude>
    <ClInclude Include="src\typeconvert.hpp">
      <Filter>Header Files</Filter>
    </ClInclude>
    <ClInclude Include="src\typeconvert.ipp">
      <Filter>Header Files</Filter>
    </ClInclude>
    <ClInclude Include="src\typeex.hpp">
      <Filter>Header Files</Filter>
    </ClInclude>
    <ClInclude Include="src\typeex.ipp">
      <Filter>Header Files</Filter>
    </ClInclude>
    <ClInclude Include="src\ucnetcd.hpp">
      <Filter>Header Files</Filter>
    </ClInclude>
    <ClInclude Include="src\ucnetcd.ipp">
      <Filter>Header Files</Filter>
    </ClInclude>
    <ClInclude Include="src\ucnetcli.hpp">
      <Filter>Header Files</Filter>
    </ClInclude>
    <ClInclude Include="src\ucnetcli.ipp">
      <Filter>Header Files</Filter>
    </ClInclude>
    <ClInclude Include="src\ucnetcommon.hpp">
      <Filter>Header Files</Filter>
    </ClInclude>
    <ClInclude Include="src\ucnetcommon.ipp">
      <Filter>Header Files</Filter>
    </ClInclude>
    <ClInclude Include="src\ucnetimpl.hpp">
      <Filter>Header Files</Filter>
    </ClInclude>
    <ClInclude Include="src\ucnetimpl.ipp">
      <Filter>Header Files</Filter>
    </ClInclude>
    <ClInclude Include="src\ucnetmsg.hpp">
      <Filter>Header Files</Filter>
    </ClInclude>
    <ClInclude Include="src\ucnetmsg.ipp">
      <Filter>Header Files</Filter>
    </ClInclude>
    <ClInclude Include="src\ucnetsrv.hpp">
      <Filter>Header Files</Filter>
    </ClInclude>
    <ClInclude Include="src\ucnetsrv.ipp">
      <Filter>Header Files</Filter>
    </ClInclude>
    <ClInclude Include="src\unint.hpp">
      <Filter>Header Files</Filter>
    </ClInclude>
    <ClInclude Include="src\unint.ipp">
      <Filter>Header Files</Filter>
    </ClInclude>
    <ClInclude Include="src\value.hpp">
      <Filter>Header Files</Filter>
    </ClInclude>
    <ClInclude Include="src\value.ipp">
      <Filter>Header Files</Filter>
    </ClInclude>
    <ClInclude Include="src\vector.hpp">
      <Filter>Header Files</Filter>
    </ClInclude>
    <ClInclude Include="src\vector.ipp">
      <Filter>Header Files</Filter>
    </ClInclude>
    <ClInclude Include="src\vfs.hpp">
      <Filter>Header Files</Filter>
    </ClInclude>
    <ClInclude Include="src\vfs.ipp">
      <Filter>Header Files</Filter>
    </ClInclude>
    <ClInclude Include="src\vuser.hpp">
      <Filter>Header Files</Filter>
    </ClInclude>
    <ClInclude Include="src\vuser.ipp">
      <Filter>Header Files</Filter>
    </ClInclude>
    <ClInclude Include="src\window.hpp">
      <Filter>Header Files</Filter>
    </ClInclude>
    <ClInclude Include="src\window.ipp">
      <Filter>Header Files</Filter>
    </ClInclude>
    <ClInclude Include="src\unicpp\aes.hpp">
      <Filter>Header Files</Filter>
    </ClInclude>
    <ClInclude Include="src\unicpp\aes.ipp">
      <Filter>Header Files</Filter>
    </ClInclude>
    <ClInclude Include="src\unicpp\arg.hpp">
      <Filter>Header Files</Filter>
    </ClInclude>
    <ClInclude Include="src\unicpp\arg.ipp">
      <Filter>Header Files</Filter>
    </ClInclude>
    <ClInclude Include="src\unicpp\array.hpp">
      <Filter>Header Files</Filter>
    </ClInclude>
    <ClInclude Include="src\unicpp\array.ipp">
      <Filter>Header Files</Filter>
    </ClInclude>
    <ClInclude Include="src\unicpp\atomic.hpp">
      <Filter>Header Files</Filter>
    </ClInclude>
    <ClInclude Include="src\unicpp\atomic.ipp">
      <Filter>Header Files</Filter>
    </ClInclude>
    <ClInclude Include="src\unicpp\bada.hpp">
      <Filter>Header Files</Filter>
    </ClInclude>
    <ClInclude Include="src\unicpp\bada.ipp">
      <Filter>Header Files</Filter>
    </ClInclude>
    <ClInclude Include="src\unicpp\bigmath.hpp">
      <Filter>Header Files</Filter>
    </ClInclude>
    <ClInclude Include="src\unicpp\bigmath.ipp">
      <Filter>Header Files</Filter>
    </ClInclude>
    <ClInclude Include="src\unicpp\c25519.hpp">
      <Filter>Header Files</Filter>
    </ClInclude>
    <ClInclude Include="src\unicpp\c25519.ipp">
      <Filter>Header Files</Filter>
    </ClInclude>
    <ClInclude Include="src\unicpp\char.hpp">
      <Filter>Header Files</Filter>
    </ClInclude>
    <ClInclude Include="src\unicpp\char.ipp">
      <Filter>Header Files</Filter>
    </ClInclude>
    <ClInclude Include="src\unicpp\clipboard.hpp">
      <Filter>Header Files</Filter>
    </ClInclude>
    <ClInclude Include="src\unicpp\clipboard.ipp">
      <Filter>Header Files</Filter>
    </ClInclude>
    <ClInclude Include="src\unicpp\codegen.hpp">
      <Filter>Header Files</Filter>
    </ClInclude>
    <ClInclude Include="src\unicpp\codegen.ipp">
      <Filter>Header Files</Filter>
    </ClInclude>
    <ClInclude Include="src\unicpp\color.hpp">
      <Filter>Header Files</Filter>
    </ClInclude>
    <ClInclude Include="src\unicpp\color.ipp">
      <Filter>Header Files</Filter>
    </ClInclude>
    <ClInclude Include="src\unicpp\console.hpp">
      <Filter>Header Files</Filter>
    </ClInclude>
    <ClInclude Include="src\unicpp\console.ipp">
      <Filter>Header Files</Filter>
    </ClInclude>
    <ClInclude Include="src\unicpp\container.hpp">
      <Filter>Header Files</Filter>
    </ClInclude>
    <ClInclude Include="src\unicpp\container.ipp">
      <Filter>Header Files</Filter>
    </ClInclude>
    <ClInclude Include="src\unicpp\debug.hpp">
      <Filter>Header Files</Filter>
    </ClInclude>
    <ClInclude Include="src\unicpp\debug.ipp">
      <Filter>Header Files</Filter>
    </ClInclude>
    <ClInclude Include="src\unicpp\dictionary.hpp">
      <Filter>Header Files</Filter>
    </ClInclude>
    <ClInclude Include="src\unicpp\dictionary.ipp">
      <Filter>Header Files</Filter>
    </ClInclude>
    <ClInclude Include="src\unicpp\directory.hpp">
      <Filter>Header Files</Filter>
    </ClInclude>
    <ClInclude Include="src\unicpp\directory.ipp">
      <Filter>Header Files</Filter>
    </ClInclude>
    <ClInclude Include="src\unicpp\dumb.hpp">
      <Filter>Header Files</Filter>
    </ClInclude>
    <ClInclude Include="src\unicpp\dumb.ipp">
      <Filter>Header Files</Filter>
    </ClInclude>
    <ClInclude Include="src\unicpp\error.hpp">
      <Filter>Header Files</Filter>
    </ClInclude>
    <ClInclude Include="src\unicpp\error.ipp">
      <Filter>Header Files</Filter>
    </ClInclude>
    <ClInclude Include="src\unicpp\event.hpp">
      <Filter>Header Files</Filter>
    </ClInclude>
    <ClInclude Include="src\unicpp\event.ipp">
      <Filter>Header Files</Filter>
    </ClInclude>
    <ClInclude Include="src\unicpp\file.hpp">
      <Filter>Header Files</Filter>
    </ClInclude>
    <ClInclude Include="src\unicpp\file.ipp">
      <Filter>Header Files</Filter>
    </ClInclude>
    <ClInclude Include="src\unicpp\fp25519.hpp">
      <Filter>Header Files</Filter>
    </ClInclude>
    <ClInclude Include="src\unicpp\fp25519.ipp">
      <Filter>Header Files</Filter>
    </ClInclude>
    <ClInclude Include="src\unicpp\graphics.hpp">
      <Filter>Header Files</Filter>
    </ClInclude>
    <ClInclude Include="src\unicpp\graphics.ipp">
      <Filter>Header Files</Filter>
    </ClInclude>
    <ClInclude Include="src\unicpp\hash.hpp">
      <Filter>Header Files</Filter>
    </ClInclude>
    <ClInclude Include="src\unicpp\hash.ipp">
      <Filter>Header Files</Filter>
    </ClInclude>
    <ClInclude Include="src\unicpp\hunic.hpp">
      <Filter>Header Files</Filter>
    </ClInclude>
    <ClInclude Include="src\unicpp\hunic.ipp">
      <Filter>Header Files</Filter>
    </ClInclude>
    <ClInclude Include="src\unicpp\input.hpp">
      <Filter>Header Files</Filter>
    </ClInclude>
    <ClInclude Include="src\unicpp\input.ipp">
      <Filter>Header Files</Filter>
    </ClInclude>
    <ClInclude Include="src\unicpp\joystick.hpp">
      <Filter>Header Files</Filter>
    </ClInclude>
    <ClInclude Include="src\unicpp\joystick.ipp">
      <Filter>Header Files</Filter>
    </ClInclude>
    <ClInclude Include="src\unicpp\keyboard.hpp">
      <Filter>Header Files</Filter>
    </ClInclude>
    <ClInclude Include="src\unicpp\keyboard.ipp">
      <Filter>Header Files</Filter>
    </ClInclude>
    <ClInclude Include="src\unicpp\keyword.hpp">
      <Filter>Header Files</Filter>
    </ClInclude>
    <ClInclude Include="src\unicpp\keyword.ipp">
      <Filter>Header Files</Filter>
    </ClInclude>
    <ClInclude Include="src\unicpp\list.hpp">
      <Filter>Header Files</Filter>
    </ClInclude>
    <ClInclude Include="src\unicpp\list.ipp">
      <Filter>Header Files</Filter>
    </ClInclude>
    <ClInclude Include="src\unicpp\lock.hpp">
      <Filter>Header Files</Filter>
    </ClInclude>
    <ClInclude Include="src\unicpp\lock.ipp">
      <Filter>Header Files</Filter>
    </ClInclude>
    <ClInclude Include="src\unicpp\log.hpp">
      <Filter>Header Files</Filter>
    </ClInclude>
    <ClInclude Include="src\unicpp\log.ipp">
      <Filter>Header Files</Filter>
    </ClInclude>
    <ClInclude Include="src\unicpp\macro-off.hpp">
      <Filter>Header Files</Filter>
    </ClInclude>
    <ClInclude Include="src\unicpp\macro-on.hpp">
      <Filter>Header Files</Filter>
    </ClInclude>
    <ClInclude Include="src\unicpp\main.hpp">
      <Filter>Header Files</Filter>
    </ClInclude>
    <ClInclude Include="src\unicpp\main.ipp">
      <Filter>Header Files</Filter>
    </ClInclude>
    <ClInclude Include="src\unicpp\math.hpp">
      <Filter>Header Files</Filter>
    </ClInclude>
    <ClInclude Include="src\unicpp\math.ipp">
      <Filter>Header Files</Filter>
    </ClInclude>
    <ClInclude Include="src\unicpp\matrix.hpp">
      <Filter>Header Files</Filter>
    </ClInclude>
    <ClInclude Include="src\unicpp\matrix.ipp">
      <Filter>Header Files</Filter>
    </ClInclude>
    <ClInclude Include="src\unicpp\md5.hpp">
      <Filter>Header Files</Filter>
    </ClInclude>
    <ClInclude Include="src\unicpp\md5.ipp">
      <Filter>Header Files</Filter>
    </ClInclude>
    <ClInclude Include="src\unicpp\memory.hpp">
      <Filter>Header Files</Filter>
    </ClInclude>
    <ClInclude Include="src\unicpp\memory.ipp">
      <Filter>Header Files</Filter>
    </ClInclude>
    <ClInclude Include="src\unicpp\mouse.hpp">
      <Filter>Header Files</Filter>
    </ClInclude>
    <ClInclude Include="src\unicpp\mouse.ipp">
      <Filter>Header Files</Filter>
    </ClInclude>
    <ClInclude Include="src\unicpp\network.hpp">
      <Filter>Header Files</Filter>
    </ClInclude>
    <ClInclude Include="src\unicpp\network.ipp">
      <Filter>Header Files</Filter>
    </ClInclude>
    <ClInclude Include="src\unicpp\opengl.hpp">
      <Filter>Header Files</Filter>
    </ClInclude>
    <ClInclude Include="src\unicpp\opengl.ipp">
      <Filter>Header Files</Filter>
    </ClInclude>
    <ClInclude Include="src\unicpp\path.hpp">
      <Filter>Header Files</Filter>
    </ClInclude>
    <ClInclude Include="src\unicpp\path.ipp">
      <Filter>Header Files</Filter>
    </ClInclude>
    <ClInclude Include="src\unicpp\pipe.hpp">
      <Filter>Header Files</Filter>
    </ClInclude>
    <ClInclude Include="src\unicpp\pipe.ipp">
      <Filter>Header Files</Filter>
    </ClInclude>
    <ClInclude Include="src\unicpp\pixelpath.hpp">
      <Filter>Header Files</Filter>
    </ClInclude>
    <ClInclude Include="src\unicpp\pixelpath.ipp">
      <Filter>Header Files</Filter>
    </ClInclude>
    <ClInclude Include="src\unicpp\pointer.hpp">
      <Filter>Header Files</Filter>
    </ClInclude>
    <ClInclude Include="src\unicpp\pointer.ipp">
      <Filter>Header Files</Filter>
    </ClInclude>
    <ClInclude Include="src\unicpp\preprocess.hpp">
      <Filter>Header Files</Filter>
    </ClInclude>
    <ClInclude Include="src\unicpp\preprocess.ipp">
      <Filter>Header Files</Filter>
    </ClInclude>
    <ClInclude Include="src\unicpp\process.hpp">
      <Filter>Header Files</Filter>
    </ClInclude>
    <ClInclude Include="src\unicpp\process.ipp">
      <Filter>Header Files</Filter>
    </ClInclude>
    <ClInclude Include="src\unicpp\protobuf.hpp">
      <Filter>Header Files</Filter>
    </ClInclude>
    <ClInclude Include="src\unicpp\protobuf.ipp">
      <Filter>Header Files</Filter>
    </ClInclude>
    <ClInclude Include="src\unicpp\python.hpp">
      <Filter>Header Files</Filter>
    </ClInclude>
    <ClInclude Include="src\unicpp\python.ipp">
      <Filter>Header Files</Filter>
    </ClInclude>
    <ClInclude Include="src\unicpp\qoi.hpp">
      <Filter>Header Files</Filter>
    </ClInclude>
    <ClInclude Include="src\unicpp\qoi.ipp">
      <Filter>Header Files</Filter>
    </ClInclude>
    <ClInclude Include="src\unicpp\queue.hpp">
      <Filter>Header Files</Filter>
    </ClInclude>
    <ClInclude Include="src\unicpp\queue.ipp">
      <Filter>Header Files</Filter>
    </ClInclude>
    <ClInclude Include="src\unicpp\random.hpp">
      <Filter>Header Files</Filter>
    </ClInclude>
    <ClInclude Include="src\unicpp\random.ipp">
      <Filter>Header Files</Filter>
    </ClInclude>
    <ClInclude Include="src\unicpp\registry.hpp">
      <Filter>Header Files</Filter>
    </ClInclude>
    <ClInclude Include="src\unicpp\registry.ipp">
      <Filter>Header Files</Filter>
    </ClInclude>
    <ClInclude Include="src\unicpp\sandbox.hpp">
      <Filter>Header Files</Filter>
    </ClInclude>
    <ClInclude Include="src\unicpp\sandbox.ipp">
      <Filter>Header Files</Filter>
    </ClInclude>
    <ClInclude Include="src\unicpp\screen.hpp">
      <Filter>Header Files</Filter>
    </ClInclude>
    <ClInclude Include="src\unicpp\screen.ipp">
      <Filter>Header Files</Filter>
    </ClInclude>
    <ClInclude Include="src\unicpp\serial.hpp">
      <Filter>Header Files</Filter>
    </ClInclude>
    <ClInclude Include="src\unicpp\serial.ipp">
      <Filter>Header Files</Filter>
    </ClInclude>
    <ClInclude Include="src\unicpp\sha.hpp">
      <Filter>Header Files</Filter>
    </ClInclude>
    <ClInclude Include="src\unicpp\sha.ipp">
      <Filter>Header Files</Filter>
    </ClInclude>
    <ClInclude Include="src\unicpp\sort.hpp">
      <Filter>Header Files</Filter>
    </ClInclude>
    <ClInclude Include="src\unicpp\sort.ipp">
      <Filter>Header Files</Filter>
    </ClInclude>
    <ClInclude Include="src\unicpp\sound.hpp">
      <Filter>Header Files</Filter>
    </ClInclude>
    <ClInclude Include="src\unicpp\sound.ipp">
      <Filter>Header Files</Filter>
    </ClInclude>
    <ClInclude Include="src\unicpp\stack.hpp">
      <Filter>Header Files</Filter>
    </ClInclude>
    <ClInclude Include="src\unicpp\stack.ipp">
      <Filter>Header Files</Filter>
    </ClInclude>
    <ClInclude Include="src\unicpp\string.hpp">
      <Filter>Header Files</Filter>
    </ClInclude>
    <ClInclude Include="src\unicpp\string.ipp">
      <Filter>Header Files</Filter>
    </ClInclude>
    <ClInclude Include="src\unicpp\system.hpp">
      <Filter>Header Files</Filter>
    </ClInclude>
    <ClInclude Include="src\unicpp\system.ipp">
      <Filter>Header Files</Filter>
    </ClInclude>
    <ClInclude Include="src\unicpp\test.hpp">
      <Filter>Header Files</Filter>
    </ClInclude>
    <ClInclude Include="src\unicpp\test.ipp">
      <Filter>Header Files</Filter>
    </ClInclude>
    <ClInclude Include="src\unicpp\thread.hpp">
      <Filter>Header Files</Filter>
    </ClInclude>
    <ClInclude Include="src\unicpp\thread.ipp">
      <Filter>Header Files</Filter>
    </ClInclude>
    <ClInclude Include="src\unicpp\time.hpp">
      <Filter>Header Files</Filter>
    </ClInclude>
    <ClInclude Include="src\unicpp\time.ipp">
      <Filter>Header Files</Filter>
    </ClInclude>
    <ClInclude Include="src\unicpp\token.hpp">
      <Filter>Header Files</Filter>
    </ClInclude>
    <ClInclude Include="src\unicpp\token.ipp">
      <Filter>Header Files</Filter>
    </ClInclude>
    <ClInclude Include="src\unicpp\tuple.hpp">
      <Filter>Header Files</Filter>
    </ClInclude>
    <ClInclude Include="src\unicpp\tuple.ipp">
      <Filter>Header Files</Filter>
    </ClInclude>
    <ClInclude Include="src\unicpp\type.hpp">
      <Filter>Header Files</Filter>
    </ClInclude>
    <ClInclude Include="src\unicpp\type.ipp">
      <Filter>Header Files</Filter>
    </ClInclude>
    <ClInclude Include="src\unicpp\typeconvert.hpp">
      <Filter>Header Files</Filter>
    </ClInclude>
    <ClInclude Include="src\unicpp\typeconvert.ipp">
      <Filter>Header Files</Filter>
    </ClInclude>
    <ClInclude Include="src\unicpp\typeex.hpp">
      <Filter>Header Files</Filter>
    </ClInclude>
    <ClInclude Include="src\unicpp\typeex.ipp">
      <Filter>Header Files</Filter>
    </ClInclude>
    <ClInclude Include="src\unicpp\ucnetcd.hpp">
      <Filter>Header Files</Filter>
    </ClInclude>
    <ClInclude Include="src\unicpp\ucnetcd.ipp">
      <Filter>Header Files</Filter>
    </ClInclude>
    <ClInclude Include="src\unicpp\ucnetcli.hpp">
      <Filter>Header Files</Filter>
    </ClInclude>
    <ClInclude Include="src\unicpp\ucnetcli.ipp">
      <Filter>Header Files</Filter>
    </ClInclude>
    <ClInclude Include="src\unicpp\ucnetcommon.hpp">
      <Filter>Header Files</Filter>
    </ClInclude>
    <ClInclude Include="src\unicpp\ucnetcommon.ipp">
      <Filter>Header Files</Filter>
    </ClInclude>
    <ClInclude Include="src\unicpp\ucnetimpl.hpp">
      <Filter>Header Files</Filter>
    </ClInclude>
    <ClInclude Include="src\unicpp\ucnetimpl.ipp">
      <Filter>Header Files</Filter>
    </ClInclude>
    <ClInclude Include="src\unicpp\ucnetmsg.hpp">
      <Filter>Header Files</Filter>
    </ClInclude>
    <ClInclude Include="src\unicpp\ucnetmsg.ipp">
      <Filter>Header Files</Filter>
    </ClInclude>
    <ClInclude Include="src\unicpp\ucnetsrv.hpp">
      <Filter>Header Files</Filter>
    </ClInclude>
    <ClInclude Include="src\unicpp\ucnetsrv.ipp">
      <Filter>Header Files</Filter>
    </ClInclude>
    <ClInclude Include="src\unicpp\unint.hpp">
      <Filter>Header Files</Filter>
    </ClInclude>
    <ClInclude Include="src\unicpp\unint.ipp">
      <Filter>Header Files</Filter>
    </ClInclude>
    <ClInclude Include="src\unicpp\value.hpp">
      <Filter>Header Files</Filter>
    </ClInclude>
    <ClInclude Include="src\unicpp\value.ipp">
      <Filter>Header Files</Filter>
    </ClInclude>
    <ClInclude Include="src\unicpp\vector.hpp">
      <Filter>Header Files</Filter>
    </ClInclude>
    <ClInclude Include="src\unicpp\vector.ipp">
      <Filter>Header Files</Filter>
    </ClInclude>
    <ClInclude Include="src\unicpp\vfs.hpp">
      <Filter>Header Files</Filter>
    </ClInclude>
    <ClInclude Include="src\unicpp\vfs.ipp">
      <Filter>Header Files</Filter>
    </ClInclude>
    <ClInclude Include="src\unicpp\vuser.hpp">
      <Filter>Header Files</Filter>
    </ClInclude>
    <ClInclude Include="src\unicpp\vuser.ipp">
      <Filter>Header Files</Filter>
    </ClInclude>
    <ClInclude Include="src\unicpp\window.hpp">
      <Filter>Header Files</Filter>
    </ClInclude>
    <ClInclude Include="src\unicpp\window.ipp">
      <Filter>Header Files</Filter>
    </ClInclude>
  </ItemGroup>
  <ItemGroup>
    <ClCompile Include="samples\hello-world.cpp">
      <Filter>Source Files</Filter>
    </ClCompile>
    <ClCompile Include="src\keyword.cpp">
      <Filter>Source Files</Filter>
    </ClCompile>
    <ClCompile Include="src\debug.cpp">
      <Filter>Source Files</Filter>
    </ClCompile>
    <ClCompile Include="src\type.cpp">
      <Filter>Source Files</Filter>
    </ClCompile>
    <ClCompile Include="src\value.cpp">
      <Filter>Source Files</Filter>
    </ClCompile>
    <ClCompile Include="src\typeex.cpp">
      <Filter>Source Files</Filter>
    </ClCompile>
    <ClCompile Include="src\unint.cpp">
      <Filter>Source Files</Filter>
    </ClCompile>
    <ClCompile Include="src\aes.cpp">
      <Filter>Source Files</Filter>
    </ClCompile>
    <ClCompile Include="src\arg.cpp">
      <Filter>Source Files</Filter>
    </ClCompile>
    <ClCompile Include="src\array.cpp">
      <Filter>Source Files</Filter>
    </ClCompile>
    <ClCompile Include="src\atomic.cpp">
      <Filter>Source Files</Filter>
    </ClCompile>
    <ClCompile Include="src\bada.cpp">
      <Filter>Source Files</Filter>
    </ClCompile>
    <ClCompile Include="src\bigmath.cpp">
      <Filter>Source Files</Filter>
    </ClCompile>
    <ClCompile Include="src\c25519.cpp">
      <Filter>Source Files</Filter>
    </ClCompile>
    <ClCompile Include="src\char.cpp">
      <Filter>Source Files</Filter>
    </ClCompile>
    <ClCompile Include="src\clipboard.cpp">
      <Filter>Source Files</Filter>
    </ClCompile>
    <ClCompile Include="src\codegen.cpp">
      <Filter>Source Files</Filter>
    </ClCompile>
    <ClCompile Include="src\color.cpp">
      <Filter>Source Files</Filter>
    </ClCompile>
    <ClCompile Include="src\console.cpp">
      <Filter>Source Files</Filter>
    </ClCompile>
    <ClCompile Include="src\container.cpp">
      <Filter>Source Files</Filter>
    </ClCompile>
    <ClCompile Include="src\dictionary.cpp">
      <Filter>Source Files</Filter>
    </ClCompile>
    <ClCompile Include="src\directory.cpp">
      <Filter>Source Files</Filter>
    </ClCompile>
    <ClCompile Include="src\dumb.cpp">
      <Filter>Source Files</Filter>
    </ClCompile>
    <ClCompile Include="src\error.cpp">
      <Filter>Source Files</Filter>
    </ClCompile>
    <ClCompile Include="src\event.cpp">
      <Filter>Source Files</Filter>
    </ClCompile>
    <ClCompile Include="src\file.cpp">
      <Filter>Source Files</Filter>
    </ClCompile>
    <ClCompile Include="src\fp25519.cpp">
      <Filter>Source Files</Filter>
    </ClCompile>
    <ClCompile Include="src\graphics.cpp">
      <Filter>Source Files</Filter>
    </ClCompile>
    <ClCompile Include="src\hash.cpp">
      <Filter>Source Files</Filter>
    </ClCompile>
    <ClCompile Include="src\hunic.cpp">
      <Filter>Source Files</Filter>
    </ClCompile>
    <ClCompile Include="src\input.cpp">
      <Filter>Source Files</Filter>
    </ClCompile>
    <ClCompile Include="src\joystick.cpp">
      <Filter>Source Files</Filter>
    </ClCompile>
    <ClCompile Include="src\keyboard.cpp">
      <Filter>Source Files</Filter>
    </ClCompile>
    <ClCompile Include="src\list.cpp">
      <Filter>Source Files</Filter>
    </ClCompile>
    <ClCompile Include="src\lock.cpp">
      <Filter>Source Files</Filter>
    </ClCompile>
    <ClCompile Include="src\log.cpp">
      <Filter>Source Files</Filter>
    </ClCompile>
    <ClCompile Include="src\main.cpp">
      <Filter>Source Files</Filter>
    </ClCompile>
    <ClCompile Include="src\math.cpp">
      <Filter>Source Files</Filter>
    </ClCompile>
    <ClCompile Include="src\matrix.cpp">
      <Filter>Source Files</Filter>
    </ClCompile>
    <ClCompile Include="src\md5.cpp">
      <Filter>Source Files</Filter>
    </ClCompile>
    <ClCompile Include="src\memory.cpp">
      <Filter>Source Files</Filter>
    </ClCompile>
    <ClCompile Include="src\mouse.cpp">
      <Filter>Source Files</Filter>
    </ClCompile>
    <ClCompile Include="src\network.cpp">
      <Filter>Source Files</Filter>
    </ClCompile>
    <ClCompile Include="src\opengl.cpp">
      <Filter>Source Files</Filter>
    </ClCompile>
    <ClCompile Include="src\path.cpp">
      <Filter>Source Files</Filter>
    </ClCompile>
    <ClCompile Include="src\pipe.cpp">
      <Filter>Source Files</Filter>
    </ClCompile>
    <ClCompile Include="src\pixelpath.cpp">
      <Filter>Source Files</Filter>
    </ClCompile>
    <ClCompile Include="src\pointer.cpp">
      <Filter>Source Files</Filter>
    </ClCompile>
    <ClCompile Include="src\preprocess.cpp">
      <Filter>Source Files</Filter>
    </ClCompile>
    <ClCompile Include="src\process.cpp">
      <Filter>Source Files</Filter>
    </ClCompile>
    <ClCompile Include="src\protobuf.cpp">
      <Filter>Source Files</Filter>
    </ClCompile>
    <ClCompile Include="src\python.cpp">
      <Filter>Source Files</Filter>
    </ClCompile>
    <ClCompile Include="src\qoi.cpp">
      <Filter>Source Files</Filter>
    </ClCompile>
    <ClCompile Include="src\queue.cpp">
      <Filter>Source Files</Filter>
    </ClCompile>
    <ClCompile Include="src\random.cpp">
      <Filter>Source Files</Filter>
    </ClCompile>
    <ClCompile Include="src\registry.cpp">
      <Filter>Source Files</Filter>
    </ClCompile>
    <ClCompile Include="src\sandbox.cpp">
      <Filter>Source Files</Filter>
    </ClCompile>
    <ClCompile Include="src\screen.cpp">
      <Filter>Source Files</Filter>
    </ClCompile>
    <ClCompile Include="src\serial.cpp">
      <Filter>Source Files</Filter>
    </ClCompile>
    <ClCompile Include="src\sha.cpp">
      <Filter>Source Files</Filter>
    </ClCompile>
    <ClCompile Include="src\sort.cpp">
      <Filter>Source Files</Filter>
    </ClCompile>
    <ClCompile Include="src\sound.cpp">
      <Filter>Source Files</Filter>
    </ClCompile>
    <ClCompile Include="src\stack.cpp">
      <Filter>Source Files</Filter>
    </ClCompile>
    <ClCompile Include="src\string.cpp">
      <Filter>Source Files</Filter>
    </ClCompile>
    <ClCompile Include="src\system.cpp">
      <Filter>Source Files</Filter>
    </ClCompile>
    <ClCompile Include="src\test.cpp">
      <Filter>Source Files</Filter>
    </ClCompile>
    <ClCompile Include="src\thread.cpp">
      <Filter>Source Files</Filter>
    </ClCompile>
    <ClCompile Include="src\time.cpp">
      <Filter>Source Files</Filter>
    </ClCompile>
    <ClCompile Include="src\token.cpp">
      <Filter>Source Files</Filter>
    </ClCompile>
    <ClCompile Include="src\tuple.cpp">
      <Filter>Source Files</Filter>
    </ClCompile>
    <ClCompile Include="src\typeconvert.cpp">
      <Filter>Source Files</Filter>
    </ClCompile>
    <ClCompile Include="src\ucnetcd.cpp">
      <Filter>Source Files</Filter>
    </ClCompile>
    <ClCompile Include="src\ucnetcli.cpp">
      <Filter>Source Files</Filter>
    </ClCompile>
    <ClCompile Include="src\ucnetcommon.cpp">
      <Filter>Source Files</Filter>
    </ClCompile>
    <ClCompile Include="src\ucnetimpl.cpp">
      <Filter>Source Files</Filter>
    </ClCompile>
    <ClCompile Include="src\ucnetmsg.cpp">
      <Filter>Source Files</Filter>
    </ClCompile>
    <ClCompile Include="src\ucnetsrv.cpp">
      <Filter>Source Files</Filter>
    </ClCompile>
    <ClCompile Include="src\vector.cpp">
      <Filter>Source Files</Filter>
    </ClCompile>
    <ClCompile Include="src\vfs.cpp">
      <Filter>Source Files</Filter>
    </ClCompile>
    <ClCompile Include="src\vuser.cpp">
      <Filter>Source Files</Filter>
    </ClCompile>
    <ClCompile Include="src\window.cpp">
      <Filter>Source Files</Filter>
    </ClCompile>
    <ClCompile Include="src\unicpp\aes.cpp">
      <Filter>Source Files</Filter>
    </ClCompile>
    <ClCompile Include="src\unicpp\arg.cpp">
      <Filter>Source Files</Filter>
    </ClCompile>
    <ClCompile Include="src\unicpp\array.cpp">
      <Filter>Source Files</Filter>
    </ClCompile>
    <ClCompile Include="src\unicpp\atomic.cpp">
      <Filter>Source Files</Filter>
    </ClCompile>
    <ClCompile Include="src\unicpp\bada.cpp">
      <Filter>Source Files</Filter>
    </ClCompile>
    <ClCompile Include="src\unicpp\bigmath.cpp">
      <Filter>Source Files</Filter>
    </ClCompile>
    <ClCompile Include="src\unicpp\c25519.cpp">
      <Filter>Source Files</Filter>
    </ClCompile>
    <ClCompile Include="src\unicpp\char.cpp">
      <Filter>Source Files</Filter>
    </ClCompile>
    <ClCompile Include="src\unicpp\clipboard.cpp">
      <Filter>Source Files</Filter>
    </ClCompile>
    <ClCompile Include="src\unicpp\codegen.cpp">
      <Filter>Source Files</Filter>
    </ClCompile>
    <ClCompile Include="src\unicpp\color.cpp">
      <Filter>Source Files</Filter>
    </ClCompile>
    <ClCompile Include="src\unicpp\console.cpp">
      <Filter>Source Files</Filter>
    </ClCompile>
    <ClCompile Include="src\unicpp\container.cpp">
      <Filter>Source Files</Filter>
    </ClCompile>
    <ClCompile Include="src\unicpp\debug.cpp">
      <Filter>Source Files</Filter>
    </ClCompile>
    <ClCompile Include="src\unicpp\dictionary.cpp">
      <Filter>Source Files</Filter>
    </ClCompile>
    <ClCompile Include="src\unicpp\directory.cpp">
      <Filter>Source Files</Filter>
    </ClCompile>
    <ClCompile Include="src\unicpp\dumb.cpp">
      <Filter>Source Files</Filter>
    </ClCompile>
    <ClCompile Include="src\unicpp\error.cpp">
      <Filter>Source Files</Filter>
    </ClCompile>
    <ClCompile Include="src\unicpp\event.cpp">
      <Filter>Source Files</Filter>
    </ClCompile>
    <ClCompile Include="src\unicpp\file.cpp">
      <Filter>Source Files</Filter>
    </ClCompile>
    <ClCompile Include="src\unicpp\fp25519.cpp">
      <Filter>Source Files</Filter>
    </ClCompile>
    <ClCompile Include="src\unicpp\graphics.cpp">
      <Filter>Source Files</Filter>
    </ClCompile>
    <ClCompile Include="src\unicpp\hash.cpp">
      <Filter>Source Files</Filter>
    </ClCompile>
    <ClCompile Include="src\unicpp\hunic.cpp">
      <Filter>Source Files</Filter>
    </ClCompile>
    <ClCompile Include="src\unicpp\input.cpp">
      <Filter>Source Files</Filter>
    </ClCompile>
    <ClCompile Include="src\unicpp\joystick.cpp">
      <Filter>Source Files</Filter>
    </ClCompile>
    <ClCompile Include="src\unicpp\keyboard.cpp">
      <Filter>Source Files</Filter>
    </ClCompile>
    <ClCompile Include="src\unicpp\keyword.cpp">
      <Filter>Source Files</Filter>
    </ClCompile>
    <ClCompile Include="src\unicpp\list.cpp">
      <Filter>Source Files</Filter>
    </ClCompile>
    <ClCompile Include="src\unicpp\lock.cpp">
      <Filter>Source Files</Filter>
    </ClCompile>
    <ClCompile Include="src\unicpp\log.cpp">
      <Filter>Source Files</Filter>
    </ClCompile>
    <ClCompile Include="src\unicpp\main.cpp">
      <Filter>Source Files</Filter>
    </ClCompile>
    <ClCompile Include="src\unicpp\math.cpp">
      <Filter>Source Files</Filter>
    </ClCompile>
    <ClCompile Include="src\unicpp\matrix.cpp">
      <Filter>Source Files</Filter>
    </ClCompile>
    <ClCompile Include="src\unicpp\md5.cpp">
      <Filter>Source Files</Filter>
    </ClCompile>
    <ClCompile Include="src\unicpp\memory.cpp">
      <Filter>Source Files</Filter>
    </ClCompile>
    <ClCompile Include="src\unicpp\mouse.cpp">
      <Filter>Source Files</Filter>
    </ClCompile>
    <ClCompile Include="src\unicpp\network.cpp">
      <Filter>Source Files</Filter>
    </ClCompile>
    <ClCompile Include="src\unicpp\opengl.cpp">
      <Filter>Source Files</Filter>
    </ClCompile>
    <ClCompile Include="src\unicpp\path.cpp">
      <Filter>Source Files</Filter>
    </ClCompile>
    <ClCompile Include="src\unicpp\pipe.cpp">
      <Filter>Source Files</Filter>
    </ClCompile>
    <ClCompile Include="src\unicpp\pixelpath.cpp">
      <Filter>Source Files</Filter>
    </ClCompile>
    <ClCompile Include="src\unicpp\pointer.cpp">
      <Filter>Source Files</Filter>
    </ClCompile>
    <ClCompile Include="src\unicpp\preprocess.cpp">
      <Filter>Source Files</Filter>
    </ClCompile>
    <ClCompile Include="src\unicpp\process.cpp">
      <Filter>Source Files</Filter>
    </ClCompile>
    <ClCompile Include="src\unicpp\protobuf.cpp">
      <Filter>Source Files</Filter>
    </ClCompile>
    <ClCompile Include="src\unicpp\python.cpp">
      <Filter>Source Files</Filter>
    </ClCompile>
    <ClCompile Include="src\unicpp\qoi.cpp">
      <Filter>Source Files</Filter>
    </ClCompile>
    <ClCompile Include="src\unicpp\queue.cpp">
      <Filter>Source Files</Filter>
    </ClCompile>
    <ClCompile Include="src\unicpp\random.cpp">
      <Filter>Source Files</Filter>
    </ClCompile>
    <ClCompile Include="src\unicpp\registry.cpp">
      <Filter>Source Files</Filter>
    </ClCompile>
    <ClCompile Include="src\unicpp\sandbox.cpp">
      <Filter>Source Files</Filter>
    </ClCompile>
    <ClCompile Include="src\unicpp\screen.cpp">
      <Filter>Source Files</Filter>
    </ClCompile>
    <ClCompile Include="src\unicpp\serial.cpp">
      <Filter>Source Files</Filter>
    </ClCompile>
    <ClCompile Include="src\unicpp\sha.cpp">
      <Filter>Source Files</Filter>
    </ClCompile>
    <ClCompile Include="src\unicpp\sort.cpp">
      <Filter>Source Files</Filter>
    </ClCompile>
    <ClCompile Include="src\unicpp\sound.cpp">
      <Filter>Source Files</Filter>
    </ClCompile>
    <ClCompile Include="src\unicpp\stack.cpp">
      <Filter>Source Files</Filter>
    </ClCompile>
    <ClCompile Include="src\unicpp\string.cpp">
      <Filter>Source Files</Filter>
    </ClCompile>
    <ClCompile Include="src\unicpp\system.cpp">
      <Filter>Source Files</Filter>
    </ClCompile>
    <ClCompile Include="src\unicpp\test.cpp">
      <Filter>Source Files</Filter>
    </ClCompile>
    <ClCompile Include="src\unicpp\thread.cpp">
      <Filter>Source Files</Filter>
    </ClCompile>
    <ClCompile Include="src\unicpp\time.cpp">
      <Filter>Source Files</Filter>
    </ClCompile>
    <ClCompile Include="src\unicpp\token.cpp">
      <Filter>Source Files</Filter>
    </ClCompile>
    <ClCompile Include="src\unicpp\tuple.cpp">
      <Filter>Source Files</Filter>
    </ClCompile>
    <ClCompile Include="src\unicpp\type.cpp">
      <Filter>Source Files</Filter>
    </ClCompile>
    <ClCompile Include="src\unicpp\typeconvert.cpp">
      <Filter>Source Files</Filter>
    </ClCompile>
    <ClCompile Include="src\unicpp\typeex.cpp">
      <Filter>Source Files</Filter>
    </ClCompile>
    <ClCompile Include="src\unicpp\ucnetcd.cpp">
      <Filter>Source Files</Filter>
    </ClCompile>
    <ClCompile Include="src\unicpp\ucnetcli.cpp">
      <Filter>Source Files</Filter>
    </ClCompile>
    <ClCompile Include="src\unicpp\ucnetcommon.cpp">
      <Filter>Source Files</Filter>
    </ClCompile>
    <ClCompile Include="src\unicpp\ucnetimpl.cpp">
      <Filter>Source Files</Filter>
    </ClCompile>
    <ClCompile Include="src\unicpp\ucnetmsg.cpp">
      <Filter>Source Files</Filter>
    </ClCompile>
    <ClCompile Include="src\unicpp\ucnetsrv.cpp">
      <Filter>Source Files</Filter>
    </ClCompile>
    <ClCompile Include="src\unicpp\unint.cpp">
      <Filter>Source Files</Filter>
    </ClCompile>
    <ClCompile Include="src\unicpp\value.cpp">
      <Filter>Source Files</Filter>
    </ClCompile>
    <ClCompile Include="src\unicpp\vector.cpp">
      <Filter>Source Files</Filter>
    </ClCompile>
    <ClCompile Include="src\unicpp\vfs.cpp">
      <Filter>Source Files</Filter>
    </ClCompile>
    <ClCompile Include="src\unicpp\vuser.cpp">
      <Filter>Source Files</Filter>
    </ClCompile>
    <ClCompile Include="src\unicpp\window.cpp">
      <Filter>Source Files</Filter>
    </ClCompile>
  </ItemGroup>
</Project>